
Microsoft Visual Studio Solution File, Format Version 12.00
# Visual Studio Version 17
VisualStudioVersion = 17.6.33815.320
MinimumVisualStudioVersion = 10.0.40219.1
Project("{FAE04EC0-301F-11D3-BF4B-00C04F79EFBC}") = "WebApplication2", "WebApplication2\WebApplication2.csproj", "{FE323AD4-209D-4253-8D5B-035E0B64D2D9}"
EndProject
Global
	GlobalSection(SolutionConfigurationPlatforms) = preSolution
		Debug|Any CPU = Debug|Any CPU
		Release|Any CPU = Release|Any CPU
	EndGlobalSection
	GlobalSection(ProjectConfigurationPlatforms) = postSolution
		{FE323AD4-209D-4253-8D5B-035E0B64D2D9}.Debug|Any CPU.ActiveCfg = Debug|Any CPU
		{FE323AD4-209D-4253-8D5B-035E0B64D2D9}.Debug|Any CPU.Build.0 = Debug|Any CPU
		{FE323AD4-209D-4253-8D5B-035E0B64D2D9}.Release|Any CPU.ActiveCfg = Release|Any CPU
		{FE323AD4-209D-4253-8D5B-035E0B64D2D9}.Release|Any CPU.Build.0 = Release|Any CPU
	EndGlobalSection
	GlobalSection(SolutionProperties) = preSolution
		HideSolutionNode = FALSE
	EndGlobalSection
	GlobalSection(ExtensibilityGlobals) = postSolution
		SolutionGuid = {88AD88F0-B69A-46F0-ADA7-974281CF8CE1}
	EndGlobalSection
EndGlobal
